<?xml version="1.0" encoding="utf-8"?>
<Project ToolsVersion="4.0" xmlns="http://schemas.microsoft.com/developer/msbuild/2003">
  <ItemGroup>
    <Filter Include="Source Files">
      <UniqueIdentifier>{4FC737F1-C7A5-4376-A066-2A32D752A2FF}</UniqueIdentifier>
      <Extensions>cpp;c;cc;cxx;def;odl;idl;hpj;bat;asm;asmx</Extensions>
    </Filter>
    <Filter Include="Header Files">
      <UniqueIdentifier>{93995380-89BD-4b04-88EB-625FBE52EBFB}</UniqueIdentifier>
      <Extensions>h;hpp;hxx;hm;inl;inc;xsd</Extensions>
    </Filter>
    <Filter Include="Splash">
      <UniqueIdentifier>{8387a70b-e1f3-437c-ae4b-12207201be36}</UniqueIdentifier>
    </Filter>
    <Filter Include="Header Files\Resource Files">
      <UniqueIdentifier>{67DA6AB6-F800-4c08-8B7A-83BB121AAD01}</UniqueIdentifier>
      <Extensions>rc;ico;cur;bmp;dlg;rc2;rct;bin;rgs;gif;jpg;jpeg;jpe;resx;tiff;tif;png;wav</Extensions>
    </Filter>
  </ItemGroup>
  <ItemGroup>
    <ClCompile Include="CRC.cpp">
      <Filter>Source Files</Filter>
    </ClCompile>
    <ClCompile Include="CRC_Arquivos.cpp">
      <Filter>Source Files</Filter>
    </ClCompile>
    <ClCompile Include="Detecta_Window.cpp">
      <Filter>Source Files</Filter>
    </ClCompile>
    <ClCompile Include="Detecta_Dump.cpp">
      <Filter>Source Files</Filter>
    </ClCompile>
    <ClCompile Include="Detecta_Heuristica.cpp">
      <Filter>Source Files</Filter>
    </ClCompile>
    <ClCompile Include="Launcher_ativo.cpp">
      <Filter>Source Files</Filter>
    </ClCompile>
    <ClCompile Include="Detecta_Inject.cpp">
      <Filter>Source Files</Filter>
    </ClCompile>
    <ClCompile Include="splash2.cpp">
      <Filter>Splash</Filter>
    </ClCompile>
    <ClCompile Include="Detecta_ClassName .cpp">
      <Filter>Source Files</Filter>
    </ClCompile>
    <ClCompile Include="Detecta_AntiKill.cpp">
      <Filter>Source Files</Filter>
    </ClCompile>
    <ClCompile Include="Liga_Desliga.cpp">
      <Filter>Source Files</Filter>
    </ClCompile>
    <ClCompile Include="Splash.cpp">
      <Filter>Splash</Filter>
    </ClCompile>
    <ClCompile Include="Serial_Versao.cpp">
      <Filter>Source Files</Filter>
    </ClCompile>
    <ClCompile Include="Detecta_Speed.cpp">
      <Filter>Source Files</Filter>
    </ClCompile>
    <ClCompile Include="Detecta_ProcessID.cpp">
      <Filter>Source Files</Filter>
    </ClCompile>
    <ClCompile Include="Detecta_Nomes.cpp">
      <Filter>Source Files</Filter>
    </ClCompile>
    <ClCompile Include="TESTES.cpp">
      <Filter>Source Files</Filter>
    </ClCompile>
  </ItemGroup>
  <ItemGroup>
    <ClInclude Include="Classe.h">
      <Filter>Header Files</Filter>
    </ClInclude>
    <ClInclude Include="CRC.h">
      <Filter>Header Files</Filter>
    </ClInclude>
    <ClInclude Include="StdAfx.h">
      <Filter>Header Files</Filter>
    </ClInclude>
    <ClInclude Include="Dump.h">
      <Filter>Header Files</Filter>
    </ClInclude>
    <ClInclude Include="Liga_Desliga.h">
      <Filter>Header Files</Filter>
    </ClInclude>
    <ClInclude Include="Splash.h">
      <Filter>Splash</Filter>
    </ClInclude>
  </ItemGroup>
</Project>